
Microsoft Visual Studio Solution File, Format Version 12.00
# Visual Studio Version 16
VisualStudioVersion = 16.0.31112.23
MinimumVisualStudioVersion = 10.0.40219.1
Project("{FAE04EC0-301F-11D3-BF4B-00C04F79EFBC}") = "GamingApp", "GamingApp\GamingApp.csproj", "{53683A05-C90D-4336-8FF6-3F48B5D568B5}"
EndProject
Global
	GlobalSection(SolutionConfigurationPlatforms) = preSolution
		Debug|Any CPU = Debug|Any CPU
		Release|Any CPU = Release|Any CPU
	EndGlobalSection
	GlobalSection(ProjectConfigurationPlatforms) = postSolution
		{53683A05-C90D-4336-8FF6-3F48B5D568B5}.Debug|Any CPU.ActiveCfg = Debug|Any CPU
		{53683A05-C90D-4336-8FF6-3F48B5D568B5}.Debug|Any CPU.Build.0 = Debug|Any CPU
		{53683A05-C90D-4336-8FF6-3F48B5D568B5}.Release|Any CPU.ActiveCfg = Release|Any CPU
		{53683A05-C90D-4336-8FF6-3F48B5D568B5}.Release|Any CPU.Build.0 = Release|Any CPU
	EndGlobalSection
	GlobalSection(SolutionProperties) = preSolution
		HideSolutionNode = FALSE
	EndGlobalSection
	GlobalSection(ExtensibilityGlobals) = postSolution
		SolutionGuid = {0761ECE8-1BE0-403E-AF6E-939B445693EB}
	EndGlobalSection
EndGlobal
